
Microsoft Visual Studio Solution File, Format Version 12.00
# Visual Studio Version 17
VisualStudioVersion = 17.14.36930.0 d17.14
MinimumVisualStudioVersion = 10.0.40219.1
Project("{FAE04EC0-301F-11D3-BF4B-00C04F79EFBC}") = "Frontend_AMS", "Frontend_AMS\Frontend_AMS.csproj", "{F65B25C2-3416-4EEE-98B6-1AF826E61C9B}"
EndProject
Global
	GlobalSection(SolutionConfigurationPlatforms) = preSolution
		Debug|Any CPU = Debug|Any CPU
		Release|Any CPU = Release|Any CPU
	EndGlobalSection
	GlobalSection(ProjectConfigurationPlatforms) = postSolution
		{F65B25C2-3416-4EEE-98B6-1AF826E61C9B}.Debug|Any CPU.ActiveCfg = Debug|Any CPU
		{F65B25C2-3416-4EEE-98B6-1AF826E61C9B}.Debug|Any CPU.Build.0 = Debug|Any CPU
		{F65B25C2-3416-4EEE-98B6-1AF826E61C9B}.Release|Any CPU.ActiveCfg = Release|Any CPU
		{F65B25C2-3416-4EEE-98B6-1AF826E61C9B}.Release|Any CPU.Build.0 = Release|Any CPU
	EndGlobalSection
	GlobalSection(SolutionProperties) = preSolution
		HideSolutionNode = FALSE
	EndGlobalSection
	GlobalSection(ExtensibilityGlobals) = postSolution
		SolutionGuid = {3D68D188-E298-46AA-810C-1E50908D4CD2}
	EndGlobalSection
EndGlobal
